// !$*UTF8*$!
{
	archiveVersion = 1;
	classes = {
	};
	objectVersion = 56;
	objects = {

/* Begin PBXBuildFile section */
		750396CF2991712E00CFE600 /* AppDelegate.swift in Sources */ = {isa = PBXBuildFile; fileRef = 750396CE2991712E00CFE600 /* AppDelegate.swift */; };
		750396D12991712E00CFE600 /* SceneDelegate.swift in Sources */ = {isa = PBXBuildFile; fileRef = 750396D02991712E00CFE600 /* SceneDelegate.swift */; };
		750396D32991712E00CFE600 /* RMTabBarController.swift in Sources */ = {isa = PBXBuildFile; fileRef = 750396D22991712E00CFE600 /* RMTabBarController.swift */; };
		750396D82991713100CFE600 /* Assets.xcassets in Resources */ = {isa = PBXBuildFile; fileRef = 750396D72991713100CFE600 /* Assets.xcassets */; };
		750396DB2991713100CFE600 /* LaunchScreen.storyboard in Resources */ = {isa = PBXBuildFile; fileRef = 750396D92991713100CFE600 /* LaunchScreen.storyboard */; };
		750396EA2991770A00CFE600 /* RMLocation.swift in Sources */ = {isa = PBXBuildFile; fileRef = 750396E92991770A00CFE600 /* RMLocation.swift */; };
		750396EC2991775400CFE600 /* RMCharacter.swift in Sources */ = {isa = PBXBuildFile; fileRef = 750396EB2991775400CFE600 /* RMCharacter.swift */; };
		750396EE2991776E00CFE600 /* RMEpisode.swift in Sources */ = {isa = PBXBuildFile; fileRef = 750396ED2991776E00CFE600 /* RMEpisode.swift */; };
		750396F1299178D000CFE600 /* RMCharacterViewController.swift in Sources */ = {isa = PBXBuildFile; fileRef = 750396F0299178D000CFE600 /* RMCharacterViewController.swift */; };
		750396F3299178E800CFE600 /* RMLocationViewController.swift in Sources */ = {isa = PBXBuildFile; fileRef = 750396F2299178E800CFE600 /* RMLocationViewController.swift */; };
		750396F5299178FE00CFE600 /* RMEpisodeViewController.swift in Sources */ = {isa = PBXBuildFile; fileRef = 750396F4299178FE00CFE600 /* RMEpisodeViewController.swift */; };
		750396F72991791B00CFE600 /* RMSettingsViewController.swift in Sources */ = {isa = PBXBuildFile; fileRef = 750396F62991791B00CFE600 /* RMSettingsViewController.swift */; };
		750396F929919A0800CFE600 /* RMService.swift in Sources */ = {isa = PBXBuildFile; fileRef = 750396F829919A0800CFE600 /* RMService.swift */; };
		750396FB29919A2900CFE600 /* RMRequest.swift in Sources */ = {isa = PBXBuildFile; fileRef = 750396FA29919A2900CFE600 /* RMRequest.swift */; };
		750396FD29919BEC00CFE600 /* RMEndpoint.swift in Sources */ = {isa = PBXBuildFile; fileRef = 750396FC29919BEC00CFE600 /* RMEndpoint.swift */; };
		750DA3AE2995391E00CBE007 /* RMCharacterCollectionViewCell.swift in Sources */ = {isa = PBXBuildFile; fileRef = 750DA3AD2995391E00CBE007 /* RMCharacterCollectionViewCell.swift */; };
		750DA3B029953A7D00CBE007 /* RMCharacterCollectionViewCellViewModel.swift in Sources */ = {isa = PBXBuildFile; fileRef = 750DA3AF29953A7D00CBE007 /* RMCharacterCollectionViewCellViewModel.swift */; };
		751C64042992A08500A9549E /* RMOrigin.swift in Sources */ = {isa = PBXBuildFile; fileRef = 751C64032992A08500A9549E /* RMOrigin.swift */; };
		751C64062992A1FB00A9549E /* RMSingleLocation.swift in Sources */ = {isa = PBXBuildFile; fileRef = 751C64052992A1FB00A9549E /* RMSingleLocation.swift */; };
		751C64082992A43600A9549E /* RMCharacterStatus.swift in Sources */ = {isa = PBXBuildFile; fileRef = 751C64072992A43600A9549E /* RMCharacterStatus.swift */; };
		751C640A2992A7B600A9549E /* RMCharacterGender.swift in Sources */ = {isa = PBXBuildFile; fileRef = 751C64092992A7B600A9549E /* RMCharacterGender.swift */; };
		752E06622996AF2D005A010C /* RMCharacterDetailViewController.swift in Sources */ = {isa = PBXBuildFile; fileRef = 752E06612996AF2D005A010C /* RMCharacterDetailViewController.swift */; };
		752E06642996B4A2005A010C /* RMCharacterDetailView.swift in Sources */ = {isa = PBXBuildFile; fileRef = 752E06632996B4A2005A010C /* RMCharacterDetailView.swift */; };
		752E06662996B5EA005A010C /* RMCharacterDetailViewViewModel.swift in Sources */ = {isa = PBXBuildFile; fileRef = 752E06652996B5EA005A010C /* RMCharacterDetailViewViewModel.swift */; };
		752E06682996D7EE005A010C /* RMFooterLoadingCollectionReusableView.swift in Sources */ = {isa = PBXBuildFile; fileRef = 752E06672996D7EE005A010C /* RMFooterLoadingCollectionReusableView.swift */; };
		75381ED729A9116100CA1709 /* RMSettingsViewViewModel.swift in Sources */ = {isa = PBXBuildFile; fileRef = 75381ED629A9116100CA1709 /* RMSettingsViewViewModel.swift */; };
		75381ED929A9128900CA1709 /* RMSettingsCellViewModel.swift in Sources */ = {isa = PBXBuildFile; fileRef = 75381ED829A9128900CA1709 /* RMSettingsCellViewModel.swift */; };
		75381EDB29A9138100CA1709 /* RMSettingsOption.swift in Sources */ = {isa = PBXBuildFile; fileRef = 75381EDA29A9138100CA1709 /* RMSettingsOption.swift */; };
		75381EDE29A9556100CA1709 /* RMSettingsView.swift in Sources */ = {isa = PBXBuildFile; fileRef = 75381EDD29A9556100CA1709 /* RMSettingsView.swift */; };
		7552C18129AE8B280023A6A5 /* RMLocationDetailViewController.swift in Sources */ = {isa = PBXBuildFile; fileRef = 7552C18029AE8B280023A6A5 /* RMLocationDetailViewController.swift */; };
		7552C18429AE920F0023A6A5 /* RMLocationDetailView.swift in Sources */ = {isa = PBXBuildFile; fileRef = 7552C18329AE920F0023A6A5 /* RMLocationDetailView.swift */; };
		7552C18629AE96850023A6A5 /* RMLocationDetailViewViewModel.swift in Sources */ = {isa = PBXBuildFile; fileRef = 7552C18529AE96850023A6A5 /* RMLocationDetailViewViewModel.swift */; };
		7552C18929AEB5460023A6A5 /* RMSearchView.swift in Sources */ = {isa = PBXBuildFile; fileRef = 7552C18829AEB5460023A6A5 /* RMSearchView.swift */; };
		7552C18B29AEB7370023A6A5 /* RMSearchViewViewModel.swift in Sources */ = {isa = PBXBuildFile; fileRef = 7552C18A29AEB7370023A6A5 /* RMSearchViewViewModel.swift */; };
		7552C18D29AEBB560023A6A5 /* RMNoSearchResultsView.swift in Sources */ = {isa = PBXBuildFile; fileRef = 7552C18C29AEBB560023A6A5 /* RMNoSearchResultsView.swift */; };
		7552C19029AEBC210023A6A5 /* RMNoSearchResultsViewViewModel.swift in Sources */ = {isa = PBXBuildFile; fileRef = 7552C18F29AEBC210023A6A5 /* RMNoSearchResultsViewViewModel.swift */; };
		7552C19229AEBCED0023A6A5 /* RMSearchInputView.swift in Sources */ = {isa = PBXBuildFile; fileRef = 7552C19129AEBCED0023A6A5 /* RMSearchInputView.swift */; };
		7552C19429AEBD5F0023A6A5 /* RMSearchInputViewViewModel.swift in Sources */ = {isa = PBXBuildFile; fileRef = 7552C19329AEBD5F0023A6A5 /* RMSearchInputViewViewModel.swift */; };
		756ECCAE29ABFF0C0091262C /* RMLocationView.swift in Sources */ = {isa = PBXBuildFile; fileRef = 756ECCAD29ABFF0C0091262C /* RMLocationView.swift */; };
		756ECCB029AC07840091262C /* RMLocationViewViewModel.swift in Sources */ = {isa = PBXBuildFile; fileRef = 756ECCAF29AC07840091262C /* RMLocationViewViewModel.swift */; };
		7576A3A2299ACB3C002E858D /* RMCharacterPhotoCollectionViewCell.swift in Sources */ = {isa = PBXBuildFile; fileRef = 7576A3A1299ACB3C002E858D /* RMCharacterPhotoCollectionViewCell.swift */; };
		7576A3A4299ACB5E002E858D /* RMCharacterInfoCollectionViewCell.swift in Sources */ = {isa = PBXBuildFile; fileRef = 7576A3A3299ACB5E002E858D /* RMCharacterInfoCollectionViewCell.swift */; };
		7576A3A6299ACB7C002E858D /* RMCharacterEpisodeCollectionViewCell.swift in Sources */ = {isa = PBXBuildFile; fileRef = 7576A3A5299ACB7C002E858D /* RMCharacterEpisodeCollectionViewCell.swift */; };
		7576A3A8299ACC11002E858D /* RMCharacterPhotoCollectionViewCellViewModel.swift in Sources */ = {isa = PBXBuildFile; fileRef = 7576A3A7299ACC11002E858D /* RMCharacterPhotoCollectionViewCellViewModel.swift */; };
		7576A3AA299ACC33002E858D /* RMCharacterInfoCollectionViewCellViewModel.swift in Sources */ = {isa = PBXBuildFile; fileRef = 7576A3A9299ACC33002E858D /* RMCharacterInfoCollectionViewCellViewModel.swift */; };
		7576A3AC299ACC4C002E858D /* RMCharacterEpisodeCollectionViewCellViewModel.swift in Sources */ = {isa = PBXBuildFile; fileRef = 7576A3AB299ACC4C002E858D /* RMCharacterEpisodeCollectionViewCellViewModel.swift */; };
		758639982994378B00883B2F /* RMGetAllCharactersResponse.swift in Sources */ = {isa = PBXBuildFile; fileRef = 758639972994378B00883B2F /* RMGetAllCharactersResponse.swift */; };
		7586399A2994452500883B2F /* RMCharacterListViewViewModel.swift in Sources */ = {isa = PBXBuildFile; fileRef = 758639992994452500883B2F /* RMCharacterListViewViewModel.swift */; };
		7586399C2994464F00883B2F /* RMCharacterListView.swift in Sources */ = {isa = PBXBuildFile; fileRef = 7586399B2994464F00883B2F /* RMCharacterListView.swift */; };
		7586399E299460F400883B2F /* Extensions.swift in Sources */ = {isa = PBXBuildFile; fileRef = 7586399D299460F400883B2F /* Extensions.swift */; };
		759ABD8229A42BA400973FB8 /* RMEpisodeInfoCollectionViewCell.swift in Sources */ = {isa = PBXBuildFile; fileRef = 759ABD8129A42BA400973FB8 /* RMEpisodeInfoCollectionViewCell.swift */; };
		759ABD8729A42CC700973FB8 /* RMEpisodeInfoCollectionViewCellViewModel.swift in Sources */ = {isa = PBXBuildFile; fileRef = 759ABD8629A42CC700973FB8 /* RMEpisodeInfoCollectionViewCellViewModel.swift */; };
		75A727B429A11E7C0078E559 /* RMGetAllEpisodesResponse.swift in Sources */ = {isa = PBXBuildFile; fileRef = 75A727B329A11E7C0078E559 /* RMGetAllEpisodesResponse.swift */; };
		75A727B629A188CD0078E559 /* RMSearchViewController.swift in Sources */ = {isa = PBXBuildFile; fileRef = 75A727B529A188CC0078E559 /* RMSearchViewController.swift */; };
		75A8B6B3299EEF1D000BF63F /* RMEpisodeDetailViewController.swift in Sources */ = {isa = PBXBuildFile; fileRef = 75A8B6B2299EEF1D000BF63F /* RMEpisodeDetailViewController.swift */; };
		75AC84C629993874006E716A /* RMImageLoader.swift in Sources */ = {isa = PBXBuildFile; fileRef = 75AC84C529993874006E716A /* RMImageLoader.swift */; };
		75BF142729AD252A00DB2D8A /* RMGetLocationsResponse.swift in Sources */ = {isa = PBXBuildFile; fileRef = 75BF142629AD252A00DB2D8A /* RMGetLocationsResponse.swift */; };
		75BF142929AD4CF600DB2D8A /* RMLocationTableViewCell.swift in Sources */ = {isa = PBXBuildFile; fileRef = 75BF142829AD4CF600DB2D8A /* RMLocationTableViewCell.swift */; };
		75BF142C29AD4E3A00DB2D8A /* RMLocationTableViewCellViewModel.swift in Sources */ = {isa = PBXBuildFile; fileRef = 75BF142B29AD4E3A00DB2D8A /* RMLocationTableViewCellViewModel.swift */; };
		75CE9292299FDA9E004B95BE /* RMAPICacheManager.swift in Sources */ = {isa = PBXBuildFile; fileRef = 75CE9291299FDA9E004B95BE /* RMAPICacheManager.swift */; };
		75CE929429A01783004B95BE /* RMEpisodeDetailViewViewModel.swift in Sources */ = {isa = PBXBuildFile; fileRef = 75CE929329A01783004B95BE /* RMEpisodeDetailViewViewModel.swift */; };
		75CE929629A01844004B95BE /* RMEpisodeDetailView.swift in Sources */ = {isa = PBXBuildFile; fileRef = 75CE929529A01844004B95BE /* RMEpisodeDetailView.swift */; };
		75CE929929A03006004B95BE /* RMEpisodeListView.swift in Sources */ = {isa = PBXBuildFile; fileRef = 75CE929829A03005004B95BE /* RMEpisodeListView.swift */; };
		75CE929B29A03561004B95BE /* RMEpisodeListViewViewModel.swift in Sources */ = {isa = PBXBuildFile; fileRef = 75CE929A29A03561004B95BE /* RMEpisodeListViewViewModel.swift */; };
/* End PBXBuildFile section */

/* Begin PBXFileReference section */
		750396CB2991712E00CFE600 /* RickAndMorty.app */ = {isa = PBXFileReference; explicitFileType = wrapper.application; includeInIndex = 0; path = RickAndMorty.app; sourceTree = BUILT_PRODUCTS_DIR; };
		750396CE2991712E00CFE600 /* AppDelegate.swift */ = {isa = PBXFileReference; lastKnownFileType = sourcecode.swift; path = AppDelegate.swift; sourceTree = "<group>"; };
		750396D02991712E00CFE600 /* SceneDelegate.swift */ = {isa = PBXFileReference; lastKnownFileType = sourcecode.swift; path = SceneDelegate.swift; sourceTree = "<group>"; };
		750396D22991712E00CFE600 /* RMTabBarController.swift */ = {isa = PBXFileReference; lastKnownFileType = sourcecode.swift; path = RMTabBarController.swift; sourceTree = "<group>"; };
		750396D72991713100CFE600 /* Assets.xcassets */ = {isa = PBXFileReference; lastKnownFileType = folder.assetcatalog; path = Assets.xcassets; sourceTree = "<group>"; };
		750396DA2991713100CFE600 /* Base */ = {isa = PBXFileReference; lastKnownFileType = file.storyboard; name = Base; path = Base.lproj/LaunchScreen.storyboard; sourceTree = "<group>"; };
		750396DC2991713100CFE600 /* Info.plist */ = {isa = PBXFileReference; lastKnownFileType = text.plist.xml; path = Info.plist; sourceTree = "<group>"; };
		750396E92991770A00CFE600 /* RMLocation.swift */ = {isa = PBXFileReference; lastKnownFileType = sourcecode.swift; path = RMLocation.swift; sourceTree = "<group>"; };
		750396EB2991775400CFE600 /* RMCharacter.swift */ = {isa = PBXFileReference; lastKnownFileType = sourcecode.swift; path = RMCharacter.swift; sourceTree = "<group>"; };
		750396ED2991776E00CFE600 /* RMEpisode.swift */ = {isa = PBXFileReference; lastKnownFileType = sourcecode.swift; path = RMEpisode.swift; sourceTree = "<group>"; };
		750396F0299178D000CFE600 /* RMCharacterViewController.swift */ = {isa = PBXFileReference; lastKnownFileType = sourcecode.swift; path = RMCharacterViewController.swift; sourceTree = "<group>"; };
		750396F2299178E800CFE600 /* RMLocationViewController.swift */ = {isa = PBXFileReference; lastKnownFileType = sourcecode.swift; path = RMLocationViewController.swift; sourceTree = "<group>"; };
		750396F4299178FE00CFE600 /* RMEpisodeViewController.swift */ = {isa = PBXFileReference; lastKnownFileType = sourcecode.swift; path = RMEpisodeViewController.swift; sourceTree = "<group>"; };
		750396F62991791B00CFE600 /* RMSettingsViewController.swift */ = {isa = PBXFileReference; lastKnownFileType = sourcecode.swift; path = RMSettingsViewController.swift; sourceTree = "<group>"; };
		750396F829919A0800CFE600 /* RMService.swift */ = {isa = PBXFileReference; lastKnownFileType = sourcecode.swift; path = RMService.swift; sourceTree = "<group>"; };
		750396FA29919A2900CFE600 /* RMRequest.swift */ = {isa = PBXFileReference; lastKnownFileType = sourcecode.swift; path = RMRequest.swift; sourceTree = "<group>"; };
		750396FC29919BEC00CFE600 /* RMEndpoint.swift */ = {isa = PBXFileReference; lastKnownFileType = sourcecode.swift; path = RMEndpoint.swift; sourceTree = "<group>"; };
		750DA3AD2995391E00CBE007 /* RMCharacterCollectionViewCell.swift */ = {isa = PBXFileReference; lastKnownFileType = sourcecode.swift; path = RMCharacterCollectionViewCell.swift; sourceTree = "<group>"; };
		750DA3AF29953A7D00CBE007 /* RMCharacterCollectionViewCellViewModel.swift */ = {isa = PBXFileReference; lastKnownFileType = sourcecode.swift; path = RMCharacterCollectionViewCellViewModel.swift; sourceTree = "<group>"; };
		751C64032992A08500A9549E /* RMOrigin.swift */ = {isa = PBXFileReference; lastKnownFileType = sourcecode.swift; path = RMOrigin.swift; sourceTree = "<group>"; };
		751C64052992A1FB00A9549E /* RMSingleLocation.swift */ = {isa = PBXFileReference; lastKnownFileType = sourcecode.swift; path = RMSingleLocation.swift; sourceTree = "<group>"; };
		751C64072992A43600A9549E /* RMCharacterStatus.swift */ = {isa = PBXFileReference; lastKnownFileType = sourcecode.swift; path = RMCharacterStatus.swift; sourceTree = "<group>"; };
		751C64092992A7B600A9549E /* RMCharacterGender.swift */ = {isa = PBXFileReference; lastKnownFileType = sourcecode.swift; path = RMCharacterGender.swift; sourceTree = "<group>"; };
		752E06612996AF2D005A010C /* RMCharacterDetailViewController.swift */ = {isa = PBXFileReference; lastKnownFileType = sourcecode.swift; path = RMCharacterDetailViewController.swift; sourceTree = "<group>"; };
		752E06632996B4A2005A010C /* RMCharacterDetailView.swift */ = {isa = PBXFileReference; lastKnownFileType = sourcecode.swift; path = RMCharacterDetailView.swift; sourceTree = "<group>"; };
		752E06652996B5EA005A010C /* RMCharacterDetailViewViewModel.swift */ = {isa = PBXFileReference; lastKnownFileType = sourcecode.swift; path = RMCharacterDetailViewViewModel.swift; sourceTree = "<group>"; };
		752E06672996D7EE005A010C /* RMFooterLoadingCollectionReusableView.swift */ = {isa = PBXFileReference; lastKnownFileType = sourcecode.swift; path = RMFooterLoadingCollectionReusableView.swift; sourceTree = "<group>"; };
		75381ED629A9116100CA1709 /* RMSettingsViewViewModel.swift */ = {isa = PBXFileReference; lastKnownFileType = sourcecode.swift; path = RMSettingsViewViewModel.swift; sourceTree = "<group>"; };
		75381ED829A9128900CA1709 /* RMSettingsCellViewModel.swift */ = {isa = PBXFileReference; lastKnownFileType = sourcecode.swift; path = RMSettingsCellViewModel.swift; sourceTree = "<group>"; };
		75381EDA29A9138100CA1709 /* RMSettingsOption.swift */ = {isa = PBXFileReference; lastKnownFileType = sourcecode.swift; path = RMSettingsOption.swift; sourceTree = "<group>"; };
		75381EDD29A9556100CA1709 /* RMSettingsView.swift */ = {isa = PBXFileReference; lastKnownFileType = sourcecode.swift; path = RMSettingsView.swift; sourceTree = "<group>"; };
		7552C18029AE8B280023A6A5 /* RMLocationDetailViewController.swift */ = {isa = PBXFileReference; lastKnownFileType = sourcecode.swift; path = RMLocationDetailViewController.swift; sourceTree = "<group>"; };
		7552C18329AE920F0023A6A5 /* RMLocationDetailView.swift */ = {isa = PBXFileReference; lastKnownFileType = sourcecode.swift; path = RMLocationDetailView.swift; sourceTree = "<group>"; };
		7552C18529AE96850023A6A5 /* RMLocationDetailViewViewModel.swift */ = {isa = PBXFileReference; lastKnownFileType = sourcecode.swift; path = RMLocationDetailViewViewModel.swift; sourceTree = "<group>"; };
		7552C18829AEB5460023A6A5 /* RMSearchView.swift */ = {isa = PBXFileReference; lastKnownFileType = sourcecode.swift; path = RMSearchView.swift; sourceTree = "<group>"; };
		7552C18A29AEB7370023A6A5 /* RMSearchViewViewModel.swift */ = {isa = PBXFileReference; lastKnownFileType = sourcecode.swift; path = RMSearchViewViewModel.swift; sourceTree = "<group>"; };
		7552C18C29AEBB560023A6A5 /* RMNoSearchResultsView.swift */ = {isa = PBXFileReference; lastKnownFileType = sourcecode.swift; path = RMNoSearchResultsView.swift; sourceTree = "<group>"; };
		7552C18F29AEBC210023A6A5 /* RMNoSearchResultsViewViewModel.swift */ = {isa = PBXFileReference; lastKnownFileType = sourcecode.swift; path = RMNoSearchResultsViewViewModel.swift; sourceTree = "<group>"; };
		7552C19129AEBCED0023A6A5 /* RMSearchInputView.swift */ = {isa = PBXFileReference; lastKnownFileType = sourcecode.swift; path = RMSearchInputView.swift; sourceTree = "<group>"; };
		7552C19329AEBD5F0023A6A5 /* RMSearchInputViewViewModel.swift */ = {isa = PBXFileReference; lastKnownFileType = sourcecode.swift; path = RMSearchInputViewViewModel.swift; sourceTree = "<group>"; };
		756ECCAD29ABFF0C0091262C /* RMLocationView.swift */ = {isa = PBXFileReference; lastKnownFileType = sourcecode.swift; path = RMLocationView.swift; sourceTree = "<group>"; };
		756ECCAF29AC07840091262C /* RMLocationViewViewModel.swift */ = {isa = PBXFileReference; lastKnownFileType = sourcecode.swift; path = RMLocationViewViewModel.swift; sourceTree = "<group>"; };
		7576A3A1299ACB3C002E858D /* RMCharacterPhotoCollectionViewCell.swift */ = {isa = PBXFileReference; lastKnownFileType = sourcecode.swift; path = RMCharacterPhotoCollectionViewCell.swift; sourceTree = "<group>"; };
		7576A3A3299ACB5E002E858D /* RMCharacterInfoCollectionViewCell.swift */ = {isa = PBXFileReference; lastKnownFileType = sourcecode.swift; path = RMCharacterInfoCollectionViewCell.swift; sourceTree = "<group>"; };
		7576A3A5299ACB7C002E858D /* RMCharacterEpisodeCollectionViewCell.swift */ = {isa = PBXFileReference; lastKnownFileType = sourcecode.swift; path = RMCharacterEpisodeCollectionViewCell.swift; sourceTree = "<group>"; };
		7576A3A7299ACC11002E858D /* RMCharacterPhotoCollectionViewCellViewModel.swift */ = {isa = PBXFileReference; lastKnownFileType = sourcecode.swift; path = RMCharacterPhotoCollectionViewCellViewModel.swift; sourceTree = "<group>"; };
		7576A3A9299ACC33002E858D /* RMCharacterInfoCollectionViewCellViewModel.swift */ = {isa = PBXFileReference; lastKnownFileType = sourcecode.swift; path = RMCharacterInfoCollectionViewCellViewModel.swift; sourceTree = "<group>"; };
		7576A3AB299ACC4C002E858D /* RMCharacterEpisodeCollectionViewCellViewModel.swift */ = {isa = PBXFileReference; lastKnownFileType = sourcecode.swift; path = RMCharacterEpisodeCollectionViewCellViewModel.swift; sourceTree = "<group>"; };
		758639972994378B00883B2F /* RMGetAllCharactersResponse.swift */ = {isa = PBXFileReference; lastKnownFileType = sourcecode.swift; path = RMGetAllCharactersResponse.swift; sourceTree = "<group>"; };
		758639992994452500883B2F /* RMCharacterListViewViewModel.swift */ = {isa = PBXFileReference; lastKnownFileType = sourcecode.swift; path = RMCharacterListViewViewModel.swift; sourceTree = "<group>"; };
		7586399B2994464F00883B2F /* RMCharacterListView.swift */ = {isa = PBXFileReference; lastKnownFileType = sourcecode.swift; path = RMCharacterListView.swift; sourceTree = "<group>"; };
		7586399D299460F400883B2F /* Extensions.swift */ = {isa = PBXFileReference; lastKnownFileType = sourcecode.swift; path = Extensions.swift; sourceTree = "<group>"; };
		759ABD8129A42BA400973FB8 /* RMEpisodeInfoCollectionViewCell.swift */ = {isa = PBXFileReference; lastKnownFileType = sourcecode.swift; path = RMEpisodeInfoCollectionViewCell.swift; sourceTree = "<group>"; };
		759ABD8629A42CC700973FB8 /* RMEpisodeInfoCollectionViewCellViewModel.swift */ = {isa = PBXFileReference; lastKnownFileType = sourcecode.swift; path = RMEpisodeInfoCollectionViewCellViewModel.swift; sourceTree = "<group>"; };
		75A727B329A11E7C0078E559 /* RMGetAllEpisodesResponse.swift */ = {isa = PBXFileReference; lastKnownFileType = sourcecode.swift; path = RMGetAllEpisodesResponse.swift; sourceTree = "<group>"; };
		75A727B529A188CC0078E559 /* RMSearchViewController.swift */ = {isa = PBXFileReference; lastKnownFileType = sourcecode.swift; path = RMSearchViewController.swift; sourceTree = "<group>"; };
		75A8B6B2299EEF1D000BF63F /* RMEpisodeDetailViewController.swift */ = {isa = PBXFileReference; lastKnownFileType = sourcecode.swift; path = RMEpisodeDetailViewController.swift; sourceTree = "<group>"; };
		75AC84C529993874006E716A /* RMImageLoader.swift */ = {isa = PBXFileReference; lastKnownFileType = sourcecode.swift; path = RMImageLoader.swift; sourceTree = "<group>"; };
		75BF142629AD252A00DB2D8A /* RMGetLocationsResponse.swift */ = {isa = PBXFileReference; lastKnownFileType = sourcecode.swift; path = RMGetLocationsResponse.swift; sourceTree = "<group>"; };
		75BF142829AD4CF600DB2D8A /* RMLocationTableViewCell.swift */ = {isa = PBXFileReference; lastKnownFileType = sourcecode.swift; path = RMLocationTableViewCell.swift; sourceTree = "<group>"; };
		75BF142B29AD4E3A00DB2D8A /* RMLocationTableViewCellViewModel.swift */ = {isa = PBXFileReference; lastKnownFileType = sourcecode.swift; path = RMLocationTableViewCellViewModel.swift; sourceTree = "<group>"; };
		75CE9291299FDA9E004B95BE /* RMAPICacheManager.swift */ = {isa = PBXFileReference; lastKnownFileType = sourcecode.swift; path = RMAPICacheManager.swift; sourceTree = "<group>"; };
		75CE929329A01783004B95BE /* RMEpisodeDetailViewViewModel.swift */ = {isa = PBXFileReference; lastKnownFileType = sourcecode.swift; path = RMEpisodeDetailViewViewModel.swift; sourceTree = "<group>"; };
		75CE929529A01844004B95BE /* RMEpisodeDetailView.swift */ = {isa = PBXFileReference; lastKnownFileType = sourcecode.swift; path = RMEpisodeDetailView.swift; sourceTree = "<group>"; };
		75CE929829A03005004B95BE /* RMEpisodeListView.swift */ = {isa = PBXFileReference; lastKnownFileType = sourcecode.swift; path = RMEpisodeListView.swift; sourceTree = "<group>"; };
		75CE929A29A03561004B95BE /* RMEpisodeListViewViewModel.swift */ = {isa = PBXFileReference; lastKnownFileType = sourcecode.swift; path = RMEpisodeListViewViewModel.swift; sourceTree = "<group>"; };
/* End PBXFileReference section */

/* Begin PBXFrameworksBuildPhase section */
		750396C82991712E00CFE600 /* Frameworks */ = {
			isa = PBXFrameworksBuildPhase;
			buildActionMask = 2147483647;
			files = (
			);
			runOnlyForDeploymentPostprocessing = 0;
		};
/* End PBXFrameworksBuildPhase section */

/* Begin PBXGroup section */
		750396C22991712E00CFE600 = {
			isa = PBXGroup;
			children = (
				750396CD2991712E00CFE600 /* RickAndMorty */,
				750396CC2991712E00CFE600 /* Products */,
			);
			sourceTree = "<group>";
		};
		750396CC2991712E00CFE600 /* Products */ = {
			isa = PBXGroup;
			children = (
				750396CB2991712E00CFE600 /* RickAndMorty.app */,
			);
			name = Products;
			sourceTree = "<group>";
		};
		750396CD2991712E00CFE600 /* RickAndMorty */ = {
			isa = PBXGroup;
			children = (
				750396E82991763500CFE600 /* Resources */,
				750396E72991762900CFE600 /* Managers */,
				750396E62991761B00CFE600 /* APIClient */,
				750396E52991760400CFE600 /* ViewModels */,
				750396E4299175F600CFE600 /* Views */,
				750396E3299175E800CFE600 /* Models */,
				750396E2299175DB00CFE600 /* Controllers */,
				750396DC2991713100CFE600 /* Info.plist */,
			);
			path = RickAndMorty;
			sourceTree = "<group>";
		};
		750396E2299175DB00CFE600 /* Controllers */ = {
			isa = PBXGroup;
			children = (
				752E06602996AECF005A010C /* Other */,
				750396EF2991788000CFE600 /* Core */,
			);
			path = Controllers;
			sourceTree = "<group>";
		};
		750396E3299175E800CFE600 /* Models */ = {
			isa = PBXGroup;
			children = (
				758639962994375200883B2F /* APIResponseTypes */,
				758639952994314D00883B2F /* DataTypes */,
			);
			path = Models;
			sourceTree = "<group>";
		};
		750396E4299175F600CFE600 /* Views */ = {
			isa = PBXGroup;
			children = (
				7552C18729AEB5280023A6A5 /* Search */,
				7552C18229AE91D90023A6A5 /* LocationDetails */,
				756ECCAC29ABFEE60091262C /* Location */,
				75381EDC29A9553300CA1709 /* SwiftUI */,
				759ABD8029A42B5500973FB8 /* EpisodeDetails */,
				75CE929729A02FCB004B95BE /* Episode */,
				7576A3A0299ACAA9002E858D /* CharacterDetails */,
				7576A39F299ACA73002E858D /* Character */,
				752E06672996D7EE005A010C /* RMFooterLoadingCollectionReusableView.swift */,
			);
			path = Views;
			sourceTree = "<group>";
		};
		750396E52991760400CFE600 /* ViewModels */ = {
			isa = PBXGroup;
			children = (
				7552C18E29AEBBEB0023A6A5 /* Search */,
				75BF142A29AD4DFB00DB2D8A /* Locations */,
				75381ED529A9112B00CA1709 /* Settings */,
				759ABD8329A42C3900973FB8 /* EpisodeDetail */,
				75A2D439299BD32500A8DCD1 /* CharacterDetail */,
				758639992994452500883B2F /* RMCharacterListViewViewModel.swift */,
				750DA3AF29953A7D00CBE007 /* RMCharacterCollectionViewCellViewModel.swift */,
				75CE929A29A03561004B95BE /* RMEpisodeListViewViewModel.swift */,
			);
			path = ViewModels;
			sourceTree = "<group>";
		};
		750396E62991761B00CFE600 /* APIClient */ = {
			isa = PBXGroup;
			children = (
				750396F829919A0800CFE600 /* RMService.swift */,
				750396FA29919A2900CFE600 /* RMRequest.swift */,
				750396FC29919BEC00CFE600 /* RMEndpoint.swift */,
			);
			path = APIClient;
			sourceTree = "<group>";
		};
		750396E72991762900CFE600 /* Managers */ = {
			isa = PBXGroup;
			children = (
				75AC84C529993874006E716A /* RMImageLoader.swift */,
				75CE9291299FDA9E004B95BE /* RMAPICacheManager.swift */,
			);
			path = Managers;
			sourceTree = "<group>";
		};
		750396E82991763500CFE600 /* Resources */ = {
			isa = PBXGroup;
			children = (
				750396D72991713100CFE600 /* Assets.xcassets */,
				750396D92991713100CFE600 /* LaunchScreen.storyboard */,
				750396CE2991712E00CFE600 /* AppDelegate.swift */,
				750396D02991712E00CFE600 /* SceneDelegate.swift */,
				7586399D299460F400883B2F /* Extensions.swift */,
			);
			path = Resources;
			sourceTree = "<group>";
		};
		750396EF2991788000CFE600 /* Core */ = {
			isa = PBXGroup;
			children = (
				750396D22991712E00CFE600 /* RMTabBarController.swift */,
				750396F0299178D000CFE600 /* RMCharacterViewController.swift */,
				750396F2299178E800CFE600 /* RMLocationViewController.swift */,
				750396F4299178FE00CFE600 /* RMEpisodeViewController.swift */,
				750396F62991791B00CFE600 /* RMSettingsViewController.swift */,
			);
			path = Core;
			sourceTree = "<group>";
		};
		752E06602996AECF005A010C /* Other */ = {
			isa = PBXGroup;
			children = (
				752E06612996AF2D005A010C /* RMCharacterDetailViewController.swift */,
				75A8B6B2299EEF1D000BF63F /* RMEpisodeDetailViewController.swift */,
				75A727B529A188CC0078E559 /* RMSearchViewController.swift */,
				7552C18029AE8B280023A6A5 /* RMLocationDetailViewController.swift */,
			);
			path = Other;
			sourceTree = "<group>";
		};
		75381ED529A9112B00CA1709 /* Settings */ = {
			isa = PBXGroup;
			children = (
				75381ED629A9116100CA1709 /* RMSettingsViewViewModel.swift */,
				75381ED829A9128900CA1709 /* RMSettingsCellViewModel.swift */,
				75381EDA29A9138100CA1709 /* RMSettingsOption.swift */,
			);
			path = Settings;
			sourceTree = "<group>";
		};
		75381EDC29A9553300CA1709 /* SwiftUI */ = {
			isa = PBXGroup;
			children = (
				75381EDD29A9556100CA1709 /* RMSettingsView.swift */,
			);
			path = SwiftUI;
			sourceTree = "<group>";
		};
		7552C18229AE91D90023A6A5 /* LocationDetails */ = {
			isa = PBXGroup;
			children = (
				7552C18329AE920F0023A6A5 /* RMLocationDetailView.swift */,
			);
			path = LocationDetails;
			sourceTree = "<group>";
		};
		7552C18729AEB5280023A6A5 /* Search */ = {
			isa = PBXGroup;
			children = (
				7552C18829AEB5460023A6A5 /* RMSearchView.swift */,
				7552C18C29AEBB560023A6A5 /* RMNoSearchResultsView.swift */,
				7552C19129AEBCED0023A6A5 /* RMSearchInputView.swift */,
			);
			path = Search;
			sourceTree = "<group>";
		};
		7552C18E29AEBBEB0023A6A5 /* Search */ = {
			isa = PBXGroup;
			children = (
				7552C18A29AEB7370023A6A5 /* RMSearchViewViewModel.swift */,
				7552C18F29AEBC210023A6A5 /* RMNoSearchResultsViewViewModel.swift */,
				7552C19329AEBD5F0023A6A5 /* RMSearchInputViewViewModel.swift */,
			);
			path = Search;
			sourceTree = "<group>";
		};
		756ECCAC29ABFEE60091262C /* Location */ = {
			isa = PBXGroup;
			children = (
				756ECCAD29ABFF0C0091262C /* RMLocationView.swift */,
				75BF142829AD4CF600DB2D8A /* RMLocationTableViewCell.swift */,
			);
			path = Location;
			sourceTree = "<group>";
		};
		7576A39F299ACA73002E858D /* Character */ = {
			isa = PBXGroup;
			children = (
				7586399B2994464F00883B2F /* RMCharacterListView.swift */,
				750DA3AD2995391E00CBE007 /* RMCharacterCollectionViewCell.swift */,
			);
			path = Character;
			sourceTree = "<group>";
		};
		7576A3A0299ACAA9002E858D /* CharacterDetails */ = {
			isa = PBXGroup;
			children = (
				752E06632996B4A2005A010C /* RMCharacterDetailView.swift */,
				7576A3A1299ACB3C002E858D /* RMCharacterPhotoCollectionViewCell.swift */,
				7576A3A3299ACB5E002E858D /* RMCharacterInfoCollectionViewCell.swift */,
				7576A3A5299ACB7C002E858D /* RMCharacterEpisodeCollectionViewCell.swift */,
			);
			path = CharacterDetails;
			sourceTree = "<group>";
		};
		758639952994314D00883B2F /* DataTypes */ = {
			isa = PBXGroup;
			children = (
				750396E92991770A00CFE600 /* RMLocation.swift */,
				750396EB2991775400CFE600 /* RMCharacter.swift */,
				750396ED2991776E00CFE600 /* RMEpisode.swift */,
				751C64032992A08500A9549E /* RMOrigin.swift */,
				751C64052992A1FB00A9549E /* RMSingleLocation.swift */,
				751C64072992A43600A9549E /* RMCharacterStatus.swift */,
				751C64092992A7B600A9549E /* RMCharacterGender.swift */,
			);
			path = DataTypes;
			sourceTree = "<group>";
		};
		758639962994375200883B2F /* APIResponseTypes */ = {
			isa = PBXGroup;
			children = (
				758639972994378B00883B2F /* RMGetAllCharactersResponse.swift */,
				75A727B329A11E7C0078E559 /* RMGetAllEpisodesResponse.swift */,
				75BF142629AD252A00DB2D8A /* RMGetLocationsResponse.swift */,
			);
			path = APIResponseTypes;
			sourceTree = "<group>";
		};
		759ABD8029A42B5500973FB8 /* EpisodeDetails */ = {
			isa = PBXGroup;
			children = (
				75CE929529A01844004B95BE /* RMEpisodeDetailView.swift */,
				759ABD8129A42BA400973FB8 /* RMEpisodeInfoCollectionViewCell.swift */,
			);
			path = EpisodeDetails;
			sourceTree = "<group>";
		};
		759ABD8329A42C3900973FB8 /* EpisodeDetail */ = {
			isa = PBXGroup;
			children = (
				75CE929329A01783004B95BE /* RMEpisodeDetailViewViewModel.swift */,
				759ABD8629A42CC700973FB8 /* RMEpisodeInfoCollectionViewCellViewModel.swift */,
			);
			path = EpisodeDetail;
			sourceTree = "<group>";
		};
		75A2D439299BD32500A8DCD1 /* CharacterDetail */ = {
			isa = PBXGroup;
			children = (
				752E06652996B5EA005A010C /* RMCharacterDetailViewViewModel.swift */,
				7576A3A7299ACC11002E858D /* RMCharacterPhotoCollectionViewCellViewModel.swift */,
				7576A3A9299ACC33002E858D /* RMCharacterInfoCollectionViewCellViewModel.swift */,
				7576A3AB299ACC4C002E858D /* RMCharacterEpisodeCollectionViewCellViewModel.swift */,
			);
			path = CharacterDetail;
			sourceTree = "<group>";
		};
		75BF142A29AD4DFB00DB2D8A /* Locations */ = {
			isa = PBXGroup;
			children = (
				756ECCAF29AC07840091262C /* RMLocationViewViewModel.swift */,
				75BF142B29AD4E3A00DB2D8A /* RMLocationTableViewCellViewModel.swift */,
				7552C18529AE96850023A6A5 /* RMLocationDetailViewViewModel.swift */,
			);
			path = Locations;
			sourceTree = "<group>";
		};
		75CE929729A02FCB004B95BE /* Episode */ = {
			isa = PBXGroup;
			children = (
				75CE929829A03005004B95BE /* RMEpisodeListView.swift */,
			);
			path = Episode;
			sourceTree = "<group>";
		};
/* End PBXGroup section */

/* Begin PBXNativeTarget section */
		750396CA2991712E00CFE600 /* RickAndMorty */ = {
			isa = PBXNativeTarget;
			buildConfigurationList = 750396DF2991713100CFE600 /* Build configuration list for PBXNativeTarget "RickAndMorty" */;
			buildPhases = (
				750396C72991712E00CFE600 /* Sources */,
				750396C82991712E00CFE600 /* Frameworks */,
				750396C92991712E00CFE600 /* Resources */,
			);
			buildRules = (
			);
			dependencies = (
			);
			name = RickAndMorty;
			productName = RickAndMorty;
			productReference = 750396CB2991712E00CFE600 /* RickAndMorty.app */;
			productType = "com.apple.product-type.application";
		};
/* End PBXNativeTarget section */

/* Begin PBXProject section */
		750396C32991712E00CFE600 /* Project object */ = {
			isa = PBXProject;
			attributes = {
				BuildIndependentTargetsInParallel = 1;
				LastSwiftUpdateCheck = 1420;
				LastUpgradeCheck = 1420;
				TargetAttributes = {
					750396CA2991712E00CFE600 = {
						CreatedOnToolsVersion = 14.2;
					};
				};
			};
			buildConfigurationList = 750396C62991712E00CFE600 /* Build configuration list for PBXProject "RickAndMorty" */;
			compatibilityVersion = "Xcode 14.0";
			developmentRegion = en;
			hasScannedForEncodings = 0;
			knownRegions = (
				en,
				Base,
			);
			mainGroup = 750396C22991712E00CFE600;
			productRefGroup = 750396CC2991712E00CFE600 /* Products */;
			projectDirPath = "";
			projectRoot = "";
			targets = (
				750396CA2991712E00CFE600 /* RickAndMorty */,
			);
		};
/* End PBXProject section */

/* Begin PBXResourcesBuildPhase section */
		750396C92991712E00CFE600 /* Resources */ = {
			isa = PBXResourcesBuildPhase;
			buildActionMask = 2147483647;
			files = (
				750396DB2991713100CFE600 /* LaunchScreen.storyboard in Resources */,
				750396D82991713100CFE600 /* Assets.xcassets in Resources */,
			);
			runOnlyForDeploymentPostprocessing = 0;
		};
/* End PBXResourcesBuildPhase section */

/* Begin PBXSourcesBuildPhase section */
		750396C72991712E00CFE600 /* Sources */ = {
			isa = PBXSourcesBuildPhase;
			buildActionMask = 2147483647;
			files = (
				751C64042992A08500A9549E /* RMOrigin.swift in Sources */,
				752E06662996B5EA005A010C /* RMCharacterDetailViewViewModel.swift in Sources */,
				751C64062992A1FB00A9549E /* RMSingleLocation.swift in Sources */,
				75A727B629A188CD0078E559 /* RMSearchViewController.swift in Sources */,
				7552C18B29AEB7370023A6A5 /* RMSearchViewViewModel.swift in Sources */,
				75AC84C629993874006E716A /* RMImageLoader.swift in Sources */,
				7552C19029AEBC210023A6A5 /* RMNoSearchResultsViewViewModel.swift in Sources */,
				7586399C2994464F00883B2F /* RMCharacterListView.swift in Sources */,
				758639982994378B00883B2F /* RMGetAllCharactersResponse.swift in Sources */,
				751C64082992A43600A9549E /* RMCharacterStatus.swift in Sources */,
				7552C18629AE96850023A6A5 /* RMLocationDetailViewViewModel.swift in Sources */,
				751C640A2992A7B600A9549E /* RMCharacterGender.swift in Sources */,
				7552C18D29AEBB560023A6A5 /* RMNoSearchResultsView.swift in Sources */,
				752E06622996AF2D005A010C /* RMCharacterDetailViewController.swift in Sources */,
				75CE929929A03006004B95BE /* RMEpisodeListView.swift in Sources */,
				752E06682996D7EE005A010C /* RMFooterLoadingCollectionReusableView.swift in Sources */,
				750396F3299178E800CFE600 /* RMLocationViewController.swift in Sources */,
				7576A3A4299ACB5E002E858D /* RMCharacterInfoCollectionViewCell.swift in Sources */,
				75381ED729A9116100CA1709 /* RMSettingsViewViewModel.swift in Sources */,
				75BF142929AD4CF600DB2D8A /* RMLocationTableViewCell.swift in Sources */,
				750396EE2991776E00CFE600 /* RMEpisode.swift in Sources */,
				7586399A2994452500883B2F /* RMCharacterListViewViewModel.swift in Sources */,
				7576A3AA299ACC33002E858D /* RMCharacterInfoCollectionViewCellViewModel.swift in Sources */,
				75381EDB29A9138100CA1709 /* RMSettingsOption.swift in Sources */,
				7552C19429AEBD5F0023A6A5 /* RMSearchInputViewViewModel.swift in Sources */,
				750DA3AE2995391E00CBE007 /* RMCharacterCollectionViewCell.swift in Sources */,
				756ECCB029AC07840091262C /* RMLocationViewViewModel.swift in Sources */,
				750396D32991712E00CFE600 /* RMTabBarController.swift in Sources */,
				7552C18129AE8B280023A6A5 /* RMLocationDetailViewController.swift in Sources */,
				750396F5299178FE00CFE600 /* RMEpisodeViewController.swift in Sources */,
				750396CF2991712E00CFE600 /* AppDelegate.swift in Sources */,
				7576A3A2299ACB3C002E858D /* RMCharacterPhotoCollectionViewCell.swift in Sources */,
				7576A3AC299ACC4C002E858D /* RMCharacterEpisodeCollectionViewCellViewModel.swift in Sources */,
				75381ED929A9128900CA1709 /* RMSettingsCellViewModel.swift in Sources */,
				75381EDE29A9556100CA1709 /* RMSettingsView.swift in Sources */,
				7552C18929AEB5460023A6A5 /* RMSearchView.swift in Sources */,
				750396D12991712E00CFE600 /* SceneDelegate.swift in Sources */,
				7586399E299460F400883B2F /* Extensions.swift in Sources */,
				7552C19229AEBCED0023A6A5 /* RMSearchInputView.swift in Sources */,
				7576A3A8299ACC11002E858D /* RMCharacterPhotoCollectionViewCellViewModel.swift in Sources */,
				75BF142729AD252A00DB2D8A /* RMGetLocationsResponse.swift in Sources */,
				750396F72991791B00CFE600 /* RMSettingsViewController.swift in Sources */,
				750396F929919A0800CFE600 /* RMService.swift in Sources */,
				750396EA2991770A00CFE600 /* RMLocation.swift in Sources */,
				75A8B6B3299EEF1D000BF63F /* RMEpisodeDetailViewController.swift in Sources */,
				7552C18429AE920F0023A6A5 /* RMLocationDetailView.swift in Sources */,
				75BF142C29AD4E3A00DB2D8A /* RMLocationTableViewCellViewModel.swift in Sources */,
				75CE929629A01844004B95BE /* RMEpisodeDetailView.swift in Sources */,
				750396FD29919BEC00CFE600 /* RMEndpoint.swift in Sources */,
				750DA3B029953A7D00CBE007 /* RMCharacterCollectionViewCellViewModel.swift in Sources */,
				750396EC2991775400CFE600 /* RMCharacter.swift in Sources */,
				750396FB29919A2900CFE600 /* RMRequest.swift in Sources */,
				7576A3A6299ACB7C002E858D /* RMCharacterEpisodeCollectionViewCell.swift in Sources */,
				750396F1299178D000CFE600 /* RMCharacterViewController.swift in Sources */,
				756ECCAE29ABFF0C0091262C /* RMLocationView.swift in Sources */,
				75CE929B29A03561004B95BE /* RMEpisodeListViewViewModel.swift in Sources */,
				75CE9292299FDA9E004B95BE /* RMAPICacheManager.swift in Sources */,
				75A727B429A11E7C0078E559 /* RMGetAllEpisodesResponse.swift in Sources */,
				759ABD8729A42CC700973FB8 /* RMEpisodeInfoCollectionViewCellViewModel.swift in Sources */,
				759ABD8229A42BA400973FB8 /* RMEpisodeInfoCollectionViewCell.swift in Sources */,
				75CE929429A01783004B95BE /* RMEpisodeDetailViewViewModel.swift in Sources */,
				752E06642996B4A2005A010C /* RMCharacterDetailView.swift in Sources */,
			);
			runOnlyForDeploymentPostprocessing = 0;
		};
/* End PBXSourcesBuildPhase section */

/* Begin PBXVariantGroup section */
		750396D92991713100CFE600 /* LaunchScreen.storyboard */ = {
			isa = PBXVariantGroup;
			children = (
				750396DA2991713100CFE600 /* Base */,
			);
			name = LaunchScreen.storyboard;
			sourceTree = "<group>";
		};
/* End PBXVariantGroup section */

/* Begin XCBuildConfiguration section */
		750396DD2991713100CFE600 /* Debug */ = {
			isa = XCBuildConfiguration;
			buildSettings = {
				ALWAYS_SEARCH_USER_PATHS = NO;
				CLANG_ANALYZER_NONNULL = YES;
				CLANG_ANALYZER_NUMBER_OBJECT_CONVERSION = YES_AGGRESSIVE;
				CLANG_CXX_LANGUAGE_STANDARD = "gnu++20";
				CLANG_ENABLE_MODULES = YES;
				CLANG_ENABLE_OBJC_ARC = YES;
				CLANG_ENABLE_OBJC_WEAK = YES;
				CLANG_WARN_BLOCK_CAPTURE_AUTORELEASING = YES;
				CLANG_WARN_BOOL_CONVERSION = YES;
				CLANG_WARN_COMMA = YES;
				CLANG_WARN_CONSTANT_CONVERSION = YES;
				CLANG_WARN_DEPRECATED_OBJC_IMPLEMENTATIONS = YES;
				CLANG_WARN_DIRECT_OBJC_ISA_USAGE = YES_ERROR;
				CLANG_WARN_DOCUMENTATION_COMMENTS = YES;
				CLANG_WARN_EMPTY_BODY = YES;
				CLANG_WARN_ENUM_CONVERSION = YES;
				CLANG_WARN_INFINITE_RECURSION = YES;
				CLANG_WARN_INT_CONVERSION = YES;
				CLANG_WARN_NON_LITERAL_NULL_CONVERSION = YES;
				CLANG_WARN_OBJC_IMPLICIT_RETAIN_SELF = YES;
				CLANG_WARN_OBJC_LITERAL_CONVERSION = YES;
				CLANG_WARN_OBJC_ROOT_CLASS = YES_ERROR;
				CLANG_WARN_QUOTED_INCLUDE_IN_FRAMEWORK_HEADER = YES;
				CLANG_WARN_RANGE_LOOP_ANALYSIS = YES;
				CLANG_WARN_STRICT_PROTOTYPES = YES;
				CLANG_WARN_SUSPICIOUS_MOVE = YES;
				CLANG_WARN_UNGUARDED_AVAILABILITY = YES_AGGRESSIVE;
				CLANG_WARN_UNREACHABLE_CODE = YES;
				CLANG_WARN__DUPLICATE_METHOD_MATCH = YES;
				COPY_PHASE_STRIP = NO;
				DEBUG_INFORMATION_FORMAT = dwarf;
				ENABLE_STRICT_OBJC_MSGSEND = YES;
				ENABLE_TESTABILITY = YES;
				GCC_C_LANGUAGE_STANDARD = gnu11;
				GCC_DYNAMIC_NO_PIC = NO;
				GCC_NO_COMMON_BLOCKS = YES;
				GCC_OPTIMIZATION_LEVEL = 0;
				GCC_PREPROCESSOR_DEFINITIONS = (
					"DEBUG=1",
					"$(inherited)",
				);
				GCC_WARN_64_TO_32_BIT_CONVERSION = YES;
				GCC_WARN_ABOUT_RETURN_TYPE = YES_ERROR;
				GCC_WARN_UNDECLARED_SELECTOR = YES;
				GCC_WARN_UNINITIALIZED_AUTOS = YES_AGGRESSIVE;
				GCC_WARN_UNUSED_FUNCTION = YES;
				GCC_WARN_UNUSED_VARIABLE = YES;
				IPHONEOS_DEPLOYMENT_TARGET = 16.2;
				MTL_ENABLE_DEBUG_INFO = INCLUDE_SOURCE;
				MTL_FAST_MATH = YES;
				ONLY_ACTIVE_ARCH = YES;
				SDKROOT = iphoneos;
				SWIFT_ACTIVE_COMPILATION_CONDITIONS = DEBUG;
				SWIFT_OPTIMIZATION_LEVEL = "-Onone";
			};
			name = Debug;
		};
		750396DE2991713100CFE600 /* Release */ = {
			isa = XCBuildConfiguration;
			buildSettings = {
				ALWAYS_SEARCH_USER_PATHS = NO;
				CLANG_ANALYZER_NONNULL = YES;
				CLANG_ANALYZER_NUMBER_OBJECT_CONVERSION = YES_AGGRESSIVE;
				CLANG_CXX_LANGUAGE_STANDARD = "gnu++20";
				CLANG_ENABLE_MODULES = YES;
				CLANG_ENABLE_OBJC_ARC = YES;
				CLANG_ENABLE_OBJC_WEAK = YES;
				CLANG_WARN_BLOCK_CAPTURE_AUTORELEASING = YES;
				CLANG_WARN_BOOL_CONVERSION = YES;
				CLANG_WARN_COMMA = YES;
				CLANG_WARN_CONSTANT_CONVERSION = YES;
				CLANG_WARN_DEPRECATED_OBJC_IMPLEMENTATIONS = YES;
				CLANG_WARN_DIRECT_OBJC_ISA_USAGE = YES_ERROR;
				CLANG_WARN_DOCUMENTATION_COMMENTS = YES;
				CLANG_WARN_EMPTY_BODY = YES;
				CLANG_WARN_ENUM_CONVERSION = YES;
				CLANG_WARN_INFINITE_RECURSION = YES;
				CLANG_WARN_INT_CONVERSION = YES;
				CLANG_WARN_NON_LITERAL_NULL_CONVERSION = YES;
				CLANG_WARN_OBJC_IMPLICIT_RETAIN_SELF = YES;
				CLANG_WARN_OBJC_LITERAL_CONVERSION = YES;
				CLANG_WARN_OBJC_ROOT_CLASS = YES_ERROR;
				CLANG_WARN_QUOTED_INCLUDE_IN_FRAMEWORK_HEADER = YES;
				CLANG_WARN_RANGE_LOOP_ANALYSIS = YES;
				CLANG_WARN_STRICT_PROTOTYPES = YES;
				CLANG_WARN_SUSPICIOUS_MOVE = YES;
				CLANG_WARN_UNGUARDED_AVAILABILITY = YES_AGGRESSIVE;
				CLANG_WARN_UNREACHABLE_CODE = YES;
				CLANG_WARN__DUPLICATE_METHOD_MATCH = YES;
				COPY_PHASE_STRIP = NO;
				DEBUG_INFORMATION_FORMAT = "dwarf-with-dsym";
				ENABLE_NS_ASSERTIONS = NO;
				ENABLE_STRICT_OBJC_MSGSEND = YES;
				GCC_C_LANGUAGE_STANDARD = gnu11;
				GCC_NO_COMMON_BLOCKS = YES;
				GCC_WARN_64_TO_32_BIT_CONVERSION = YES;
				GCC_WARN_ABOUT_RETURN_TYPE = YES_ERROR;
				GCC_WARN_UNDECLARED_SELECTOR = YES;
				GCC_WARN_UNINITIALIZED_AUTOS = YES_AGGRESSIVE;
				GCC_WARN_UNUSED_FUNCTION = YES;
				GCC_WARN_UNUSED_VARIABLE = YES;
				IPHONEOS_DEPLOYMENT_TARGET = 16.2;
				MTL_ENABLE_DEBUG_INFO = NO;
				MTL_FAST_MATH = YES;
				SDKROOT = iphoneos;
				SWIFT_COMPILATION_MODE = wholemodule;
				SWIFT_OPTIMIZATION_LEVEL = "-O";
				VALIDATE_PRODUCT = YES;
			};
			name = Release;
		};
		750396E02991713100CFE600 /* Debug */ = {
			isa = XCBuildConfiguration;
			buildSettings = {
				ASSETCATALOG_COMPILER_APPICON_NAME = AppIcon;
				ASSETCATALOG_COMPILER_GLOBAL_ACCENT_COLOR_NAME = AccentColor;
				CODE_SIGN_STYLE = Automatic;
				CURRENT_PROJECT_VERSION = 1;
				DEVELOPMENT_TEAM = VM55LWG8PP;
				GENERATE_INFOPLIST_FILE = YES;
				INFOPLIST_FILE = RickAndMorty/Info.plist;
				INFOPLIST_KEY_CFBundleDisplayName = "Rick & Morty";
				INFOPLIST_KEY_LSApplicationCategoryType = "public.app-category.education";
				INFOPLIST_KEY_UIApplicationSupportsIndirectInputEvents = YES;
				INFOPLIST_KEY_UILaunchStoryboardName = LaunchScreen;
				INFOPLIST_KEY_UISupportedInterfaceOrientations_iPad = "UIInterfaceOrientationPortrait UIInterfaceOrientationPortraitUpsideDown UIInterfaceOrientationLandscapeLeft UIInterfaceOrientationLandscapeRight";
				INFOPLIST_KEY_UISupportedInterfaceOrientations_iPhone = "UIInterfaceOrientationPortrait UIInterfaceOrientationLandscapeLeft UIInterfaceOrientationLandscapeRight";
				LD_RUNPATH_SEARCH_PATHS = (
					"$(inherited)",
					"@executable_path/Frameworks",
				);
				MARKETING_VERSION = 1.0;
				PRODUCT_BUNDLE_IDENTIFIER = com.elizeurs.RickAndMorty;
				PRODUCT_NAME = "$(TARGET_NAME)";
				SWIFT_EMIT_LOC_STRINGS = YES;
				SWIFT_VERSION = 5.0;
				TARGETED_DEVICE_FAMILY = "1,2";
			};
			name = Debug;
		};
		750396E12991713100CFE600 /* Release */ = {
			isa = XCBuildConfiguration;
			buildSettings = {
				ASSETCATALOG_COMPILER_APPICON_NAME = AppIcon;
				ASSETCATALOG_COMPILER_GLOBAL_ACCENT_COLOR_NAME = AccentColor;
				CODE_SIGN_STYLE = Automatic;
				CURRENT_PROJECT_VERSION = 1;
				DEVELOPMENT_TEAM = VM55LWG8PP;
				GENERATE_INFOPLIST_FILE = YES;
				INFOPLIST_FILE = RickAndMorty/Info.plist;
				INFOPLIST_KEY_CFBundleDisplayName = "Rick & Morty";
				INFOPLIST_KEY_LSApplicationCategoryType = "public.app-category.education";
				INFOPLIST_KEY_UIApplicationSupportsIndirectInputEvents = YES;
				INFOPLIST_KEY_UILaunchStoryboardName = LaunchScreen;
				INFOPLIST_KEY_UISupportedInterfaceOrientations_iPad = "UIInterfaceOrientationPortrait UIInterfaceOrientationPortraitUpsideDown UIInterfaceOrientationLandscapeLeft UIInterfaceOrientationLandscapeRight";
				INFOPLIST_KEY_UISupportedInterfaceOrientations_iPhone = "UIInterfaceOrientationPortrait UIInterfaceOrientationLandscapeLeft UIInterfaceOrientationLandscapeRight";
				LD_RUNPATH_SEARCH_PATHS = (
					"$(inherited)",
					"@executable_path/Frameworks",
				);
				MARKETING_VERSION = 1.0;
				PRODUCT_BUNDLE_IDENTIFIER = com.elizeurs.RickAndMorty;
				PRODUCT_NAME = "$(TARGET_NAME)";
				SWIFT_EMIT_LOC_STRINGS = YES;
				SWIFT_VERSION = 5.0;
				TARGETED_DEVICE_FAMILY = "1,2";
			};
			name = Release;
		};
/* End XCBuildConfiguration section */

/* Begin XCConfigurationList section */
		750396C62991712E00CFE600 /* Build configuration list for PBXProject "RickAndMorty" */ = {
			isa = XCConfigurationList;
			buildConfigurations = (
				750396DD2991713100CFE600 /* Debug */,
				750396DE2991713100CFE600 /* Release */,
			);
			defaultConfigurationIsVisible = 0;
			defaultConfigurationName = Release;
		};
		750396DF2991713100CFE600 /* Build configuration list for PBXNativeTarget "RickAndMorty" */ = {
			isa = XCConfigurationList;
			buildConfigurations = (
				750396E02991713100CFE600 /* Debug */,
				750396E12991713100CFE600 /* Release */,
			);
			defaultConfigurationIsVisible = 0;
			defaultConfigurationName = Release;
		};
/* End XCConfigurationList section */
	};
	rootObject = 750396C32991712E00CFE600 /* Project object */;
}
